// !$*UTF8*$!
{
	archiveVersion = 1;
	classes = {
	};
	objectVersion = 46;
	objects = {

/* Begin PBXBuildFile section */
		DA0EE6011C0684B100C900C0 /* IMG_0180.JPG in Resources */ = {isa = PBXBuildFile; fileRef = DA0EE6001C0684B100C900C0 /* IMG_0180.JPG */; };
		DA0EE6031C0A5AC200C900C0 /* IMG_0203.JPG in Resources */ = {isa = PBXBuildFile; fileRef = DA0EE6021C0A5AC200C900C0 /* IMG_0203.JPG */; };
		DA1AD4B41C0CDCA600DFFF62 /* IMG_0208.JPG in Resources */ = {isa = PBXBuildFile; fileRef = DA1AD4B01C0CDCA600DFFF62 /* IMG_0208.JPG */; };
		DA1AD4B51C0CDCA600DFFF62 /* IMG_0207.JPG in Resources */ = {isa = PBXBuildFile; fileRef = DA1AD4B11C0CDCA600DFFF62 /* IMG_0207.JPG */; };
		DA1AD4B61C0CDCA600DFFF62 /* IMG_0206.JPG in Resources */ = {isa = PBXBuildFile; fileRef = DA1AD4B21C0CDCA600DFFF62 /* IMG_0206.JPG */; };
		DA1AD4B71C0CDCA600DFFF62 /* IMG_0209.JPG in Resources */ = {isa = PBXBuildFile; fileRef = DA1AD4B31C0CDCA600DFFF62 /* IMG_0209.JPG */; };
		DA1AD4BA1C0D64DB00DFFF62 /* Rectangle.m in Sources */ = {isa = PBXBuildFile; fileRef = DA1AD4B91C0D64DB00DFFF62 /* Rectangle.m */; };
		DA1AD4BD1C0D6DC700DFFF62 /* PhotoImage.m in Sources */ = {isa = PBXBuildFile; fileRef = DA1AD4BC1C0D6DC700DFFF62 /* PhotoImage.m */; };
		DA9F6C141C0AA5F5003BA09A /* IMG_0204.JPG in Resources */ = {isa = PBXBuildFile; fileRef = DA9F6C131C0AA5F5003BA09A /* IMG_0204.JPG */; };
		DAB367A81BEAA08300A118C9 /* Rectangle 3.png in Resources */ = {isa = PBXBuildFile; fileRef = DAB367A71BEAA08300A118C9 /* Rectangle 3.png */; };
		DACF62911C161B6E0011A32C /* IMG_0406.JPG in Resources */ = {isa = PBXBuildFile; fileRef = DACF62901C161B6E0011A32C /* IMG_0406.JPG */; };
		DAE744761BEC31C800E30C56 /* icon-camera.png in Resources */ = {isa = PBXBuildFile; fileRef = DAE744751BEC31C800E30C56 /* icon-camera.png */; };
		DAEF952A1BE1D86A0024EF03 /* main.m in Sources */ = {isa = PBXBuildFile; fileRef = DAEF95291BE1D86A0024EF03 /* main.m */; };
		DAEF952D1BE1D86A0024EF03 /* AppDelegate.m in Sources */ = {isa = PBXBuildFile; fileRef = DAEF952C1BE1D86A0024EF03 /* AppDelegate.m */; };
		DAEF95301BE1D86A0024EF03 /* ViewController.m in Sources */ = {isa = PBXBuildFile; fileRef = DAEF952F1BE1D86A0024EF03 /* ViewController.m */; };
		DAEF95331BE1D86A0024EF03 /* Main.storyboard in Resources */ = {isa = PBXBuildFile; fileRef = DAEF95311BE1D86A0024EF03 /* Main.storyboard */; };
		DAEF95351BE1D86A0024EF03 /* Assets.xcassets in Resources */ = {isa = PBXBuildFile; fileRef = DAEF95341BE1D86A0024EF03 /* Assets.xcassets */; };
		DAEF95381BE1D86A0024EF03 /* LaunchScreen.storyboard in Resources */ = {isa = PBXBuildFile; fileRef = DAEF95361BE1D86A0024EF03 /* LaunchScreen.storyboard */; };
		DAEF95431BE1D86A0024EF03 /* customeCameraAVTests.m in Sources */ = {isa = PBXBuildFile; fileRef = DAEF95421BE1D86A0024EF03 /* customeCameraAVTests.m */; };
		DAEF954E1BE1D86A0024EF03 /* customeCameraAVUITests.m in Sources */ = {isa = PBXBuildFile; fileRef = DAEF954D1BE1D86A0024EF03 /* customeCameraAVUITests.m */; };
		DAEF955C1BE1DA700024EF03 /* AVFoundation.framework in Frameworks */ = {isa = PBXBuildFile; fileRef = DAEF955B1BE1DA700024EF03 /* AVFoundation.framework */; };
/* End PBXBuildFile section */

/* Begin PBXContainerItemProxy section */
		DAEF953F1BE1D86A0024EF03 /* PBXContainerItemProxy */ = {
			isa = PBXContainerItemProxy;
			containerPortal = DAEF951D1BE1D86A0024EF03 /* Project object */;
			proxyType = 1;
			remoteGlobalIDString = DAEF95241BE1D86A0024EF03;
			remoteInfo = customeCameraAV;
		};
		DAEF954A1BE1D86A0024EF03 /* PBXContainerItemProxy */ = {
			isa = PBXContainerItemProxy;
			containerPortal = DAEF951D1BE1D86A0024EF03 /* Project object */;
			proxyType = 1;
			remoteGlobalIDString = DAEF95241BE1D86A0024EF03;
			remoteInfo = customeCameraAV;
		};
/* End PBXContainerItemProxy section */

/* Begin PBXFileReference section */
		DA0EE6001C0684B100C900C0 /* IMG_0180.JPG */ = {isa = PBXFileReference; lastKnownFileType = image.jpeg; path = IMG_0180.JPG; sourceTree = "<group>"; };
		DA0EE6021C0A5AC200C900C0 /* IMG_0203.JPG */ = {isa = PBXFileReference; lastKnownFileType = image.jpeg; path = IMG_0203.JPG; sourceTree = "<group>"; };
		DA1AD4B01C0CDCA600DFFF62 /* IMG_0208.JPG */ = {isa = PBXFileReference; lastKnownFileType = image.jpeg; path = IMG_0208.JPG; sourceTree = "<group>"; };
		DA1AD4B11C0CDCA600DFFF62 /* IMG_0207.JPG */ = {isa = PBXFileReference; lastKnownFileType = image.jpeg; path = IMG_0207.JPG; sourceTree = "<group>"; };
		DA1AD4B21C0CDCA600DFFF62 /* IMG_0206.JPG */ = {isa = PBXFileReference; lastKnownFileType = image.jpeg; path = IMG_0206.JPG; sourceTree = "<group>"; };
		DA1AD4B31C0CDCA600DFFF62 /* IMG_0209.JPG */ = {isa = PBXFileReference; lastKnownFileType = image.jpeg; path = IMG_0209.JPG; sourceTree = "<group>"; };
		DA1AD4B81C0D64DB00DFFF62 /* Rectangle.h */ = {isa = PBXFileReference; fileEncoding = 4; lastKnownFileType = sourcecode.c.h; path = Rectangle.h; sourceTree = "<group>"; };
		DA1AD4B91C0D64DB00DFFF62 /* Rectangle.m */ = {isa = PBXFileReference; fileEncoding = 4; lastKnownFileType = sourcecode.c.objc; path = Rectangle.m; sourceTree = "<group>"; };
		DA1AD4BB1C0D6DC700DFFF62 /* PhotoImage.h */ = {isa = PBXFileReference; fileEncoding = 4; lastKnownFileType = sourcecode.c.h; path = PhotoImage.h; sourceTree = "<group>"; };
		DA1AD4BC1C0D6DC700DFFF62 /* PhotoImage.m */ = {isa = PBXFileReference; fileEncoding = 4; lastKnownFileType = sourcecode.c.objc; path = PhotoImage.m; sourceTree = "<group>"; };
		DA9F6C131C0AA5F5003BA09A /* IMG_0204.JPG */ = {isa = PBXFileReference; lastKnownFileType = image.jpeg; path = IMG_0204.JPG; sourceTree = "<group>"; };
		DAB367A71BEAA08300A118C9 /* Rectangle 3.png */ = {isa = PBXFileReference; lastKnownFileType = image.png; path = "Rectangle 3.png"; sourceTree = "<group>"; };
		DACF62901C161B6E0011A32C /* IMG_0406.JPG */ = {isa = PBXFileReference; lastKnownFileType = image.jpeg; path = IMG_0406.JPG; sourceTree = "<group>"; };
		DAE744751BEC31C800E30C56 /* icon-camera.png */ = {isa = PBXFileReference; lastKnownFileType = image.png; path = "icon-camera.png"; sourceTree = "<group>"; };
		DAE744781BEC994800E30C56 /* UIImage+Resize.h */ = {isa = PBXFileReference; lastKnownFileType = sourcecode.c.h; name = "UIImage+Resize.h"; path = "../UIImage+Resize.h"; sourceTree = "<group>"; };
		DAEF95251BE1D86A0024EF03 /* customeCameraAV.app */ = {isa = PBXFileReference; explicitFileType = wrapper.application; includeInIndex = 0; path = customeCameraAV.app; sourceTree = BUILT_PRODUCTS_DIR; };
		DAEF95291BE1D86A0024EF03 /* main.m */ = {isa = PBXFileReference; lastKnownFileType = sourcecode.c.objc; path = main.m; sourceTree = "<group>"; };
		DAEF952B1BE1D86A0024EF03 /* AppDelegate.h */ = {isa = PBXFileReference; lastKnownFileType = sourcecode.c.h; path = AppDelegate.h; sourceTree = "<group>"; };
		DAEF952C1BE1D86A0024EF03 /* AppDelegate.m */ = {isa = PBXFileReference; lastKnownFileType = sourcecode.c.objc; path = AppDelegate.m; sourceTree = "<group>"; };
		DAEF952E1BE1D86A0024EF03 /* ViewController.h */ = {isa = PBXFileReference; lastKnownFileType = sourcecode.c.h; path = ViewController.h; sourceTree = "<group>"; };
		DAEF952F1BE1D86A0024EF03 /* ViewController.m */ = {isa = PBXFileReference; lastKnownFileType = sourcecode.c.objc; path = ViewController.m; sourceTree = "<group>"; };
		DAEF95321BE1D86A0024EF03 /* Base */ = {isa = PBXFileReference; lastKnownFileType = file.storyboard; name = Base; path = Base.lproj/Main.storyboard; sourceTree = "<group>"; };
		DAEF95341BE1D86A0024EF03 /* Assets.xcassets */ = {isa = PBXFileReference; lastKnownFileType = folder.assetcatalog; path = Assets.xcassets; sourceTree = "<group>"; };
		DAEF95371BE1D86A0024EF03 /* Base */ = {isa = PBXFileReference; lastKnownFileType = file.storyboard; name = Base; path = Base.lproj/LaunchScreen.storyboard; sourceTree = "<group>"; };
		DAEF95391BE1D86A0024EF03 /* Info.plist */ = {isa = PBXFileReference; lastKnownFileType = text.plist.xml; path = Info.plist; sourceTree = "<group>"; };
		DAEF953E1BE1D86A0024EF03 /* customeCameraAVTests.xctest */ = {isa = PBXFileReference; explicitFileType = wrapper.cfbundle; includeInIndex = 0; path = customeCameraAVTests.xctest; sourceTree = BUILT_PRODUCTS_DIR; };
		DAEF95421BE1D86A0024EF03 /* customeCameraAVTests.m */ = {isa = PBXFileReference; lastKnownFileType = sourcecode.c.objc; path = customeCameraAVTests.m; sourceTree = "<group>"; };
		DAEF95441BE1D86A0024EF03 /* Info.plist */ = {isa = PBXFileReference; lastKnownFileType = text.plist.xml; path = Info.plist; sourceTree = "<group>"; };
		DAEF95491BE1D86A0024EF03 /* customeCameraAVUITests.xctest */ = {isa = PBXFileReference; explicitFileType = wrapper.cfbundle; includeInIndex = 0; path = customeCameraAVUITests.xctest; sourceTree = BUILT_PRODUCTS_DIR; };
		DAEF954D1BE1D86A0024EF03 /* customeCameraAVUITests.m */ = {isa = PBXFileReference; lastKnownFileType = sourcecode.c.objc; path = customeCameraAVUITests.m; sourceTree = "<group>"; };
		DAEF954F1BE1D86A0024EF03 /* Info.plist */ = {isa = PBXFileReference; lastKnownFileType = text.plist.xml; path = Info.plist; sourceTree = "<group>"; };
		DAEF955B1BE1DA700024EF03 /* AVFoundation.framework */ = {isa = PBXFileReference; lastKnownFileType = wrapper.framework; name = AVFoundation.framework; path = System/Library/Frameworks/AVFoundation.framework; sourceTree = SDKROOT; };
/* End PBXFileReference section */

/* Begin PBXFrameworksBuildPhase section */
		DAEF95221BE1D86A0024EF03 /* Frameworks */ = {
			isa = PBXFrameworksBuildPhase;
			buildActionMask = 2147483647;
			files = (
				DAEF955C1BE1DA700024EF03 /* AVFoundation.framework in Frameworks */,
			);
			runOnlyForDeploymentPostprocessing = 0;
		};
		DAEF953B1BE1D86A0024EF03 /* Frameworks */ = {
			isa = PBXFrameworksBuildPhase;
			buildActionMask = 2147483647;
			files = (
			);
			runOnlyForDeploymentPostprocessing = 0;
		};
		DAEF95461BE1D86A0024EF03 /* Frameworks */ = {
			isa = PBXFrameworksBuildPhase;
			buildActionMask = 2147483647;
			files = (
			);
			runOnlyForDeploymentPostprocessing = 0;
		};
/* End PBXFrameworksBuildPhase section */

/* Begin PBXGroup section */
		DA506E3B1D0CF8B9006F712A /* images */ = {
			isa = PBXGroup;
			children = (
				DAB367A71BEAA08300A118C9 /* Rectangle 3.png */,
				DAE744751BEC31C800E30C56 /* icon-camera.png */,
				DA1AD4B01C0CDCA600DFFF62 /* IMG_0208.JPG */,
				DA1AD4B11C0CDCA600DFFF62 /* IMG_0207.JPG */,
				DA0EE6021C0A5AC200C900C0 /* IMG_0203.JPG */,
				DA9F6C131C0AA5F5003BA09A /* IMG_0204.JPG */,
				DA1AD4B21C0CDCA600DFFF62 /* IMG_0206.JPG */,
				DA1AD4B31C0CDCA600DFFF62 /* IMG_0209.JPG */,
				DACF62901C161B6E0011A32C /* IMG_0406.JPG */,
				DA0EE6001C0684B100C900C0 /* IMG_0180.JPG */,
			);
			name = images;
			sourceTree = "<group>";
		};
		DAEF951C1BE1D86A0024EF03 = {
			isa = PBXGroup;
			children = (
				DA1AD4BB1C0D6DC700DFFF62 /* PhotoImage.h */,
				DA1AD4BC1C0D6DC700DFFF62 /* PhotoImage.m */,
				DA1AD4B81C0D64DB00DFFF62 /* Rectangle.h */,
				DA1AD4B91C0D64DB00DFFF62 /* Rectangle.m */,
				DAEF955B1BE1DA700024EF03 /* AVFoundation.framework */,
				DAEF95271BE1D86A0024EF03 /* customeCameraAV */,
				DAEF95411BE1D86A0024EF03 /* customeCameraAVTests */,
				DAEF954C1BE1D86A0024EF03 /* customeCameraAVUITests */,
				DAEF95261BE1D86A0024EF03 /* Products */,
			);
			sourceTree = "<group>";
		};
		DAEF95261BE1D86A0024EF03 /* Products */ = {
			isa = PBXGroup;
			children = (
				DAEF95251BE1D86A0024EF03 /* customeCameraAV.app */,
				DAEF953E1BE1D86A0024EF03 /* customeCameraAVTests.xctest */,
				DAEF95491BE1D86A0024EF03 /* customeCameraAVUITests.xctest */,
			);
			name = Products;
			sourceTree = "<group>";
		};
		DAEF95271BE1D86A0024EF03 /* customeCameraAV */ = {
			isa = PBXGroup;
			children = (
				DAE744781BEC994800E30C56 /* UIImage+Resize.h */,
				DA506E3B1D0CF8B9006F712A /* images */,
				DAEF952B1BE1D86A0024EF03 /* AppDelegate.h */,
				DAEF952C1BE1D86A0024EF03 /* AppDelegate.m */,
				DAEF952E1BE1D86A0024EF03 /* ViewController.h */,
				DAEF952F1BE1D86A0024EF03 /* ViewController.m */,
				DAEF95311BE1D86A0024EF03 /* Main.storyboard */,
				DAEF95341BE1D86A0024EF03 /* Assets.xcassets */,
				DAEF95361BE1D86A0024EF03 /* LaunchScreen.storyboard */,
				DAEF95391BE1D86A0024EF03 /* Info.plist */,
				DAEF95281BE1D86A0024EF03 /* Supporting Files */,
			);
			path = customeCameraAV;
			sourceTree = "<group>";
		};
		DAEF95281BE1D86A0024EF03 /* Supporting Files */ = {
			isa = PBXGroup;
			children = (
				DAEF95291BE1D86A0024EF03 /* main.m */,
			);
			name = "Supporting Files";
			sourceTree = "<group>";
		};
		DAEF95411BE1D86A0024EF03 /* customeCameraAVTests */ = {
			isa = PBXGroup;
			children = (
				DAEF95421BE1D86A0024EF03 /* customeCameraAVTests.m */,
				DAEF95441BE1D86A0024EF03 /* Info.plist */,
			);
			path = customeCameraAVTests;
			sourceTree = "<group>";
		};
		DAEF954C1BE1D86A0024EF03 /* customeCameraAVUITests */ = {
			isa = PBXGroup;
			children = (
				DAEF954D1BE1D86A0024EF03 /* customeCameraAVUITests.m */,
				DAEF954F1BE1D86A0024EF03 /* Info.plist */,
			);
			path = customeCameraAVUITests;
			sourceTree = "<group>";
		};
/* End PBXGroup section */

/* Begin PBXNativeTarget section */
		DAEF95241BE1D86A0024EF03 /* customeCameraAV */ = {
			isa = PBXNativeTarget;
			buildConfigurationList = DAEF95521BE1D86A0024EF03 /* Build configuration list for PBXNativeTarget "customeCameraAV" */;
			buildPhases = (
				DAEF95211BE1D86A0024EF03 /* Sources */,
				DAEF95221BE1D86A0024EF03 /* Frameworks */,
				DAEF95231BE1D86A0024EF03 /* Resources */,
			);
			buildRules = (
			);
			dependencies = (
			);
			name = customeCameraAV;
			productName = customeCameraAV;
			productReference = DAEF95251BE1D86A0024EF03 /* customeCameraAV.app */;
			productType = "com.apple.product-type.application";
		};
		DAEF953D1BE1D86A0024EF03 /* customeCameraAVTests */ = {
			isa = PBXNativeTarget;
			buildConfigurationList = DAEF95551BE1D86A0024EF03 /* Build configuration list for PBXNativeTarget "customeCameraAVTests" */;
			buildPhases = (
				DAEF953A1BE1D86A0024EF03 /* Sources */,
				DAEF953B1BE1D86A0024EF03 /* Frameworks */,
				DAEF953C1BE1D86A0024EF03 /* Resources */,
			);
			buildRules = (
			);
			dependencies = (
				DAEF95401BE1D86A0024EF03 /* PBXTargetDependency */,
			);
			name = customeCameraAVTests;
			productName = customeCameraAVTests;
			productReference = DAEF953E1BE1D86A0024EF03 /* customeCameraAVTests.xctest */;
			productType = "com.apple.product-type.bundle.unit-test";
		};
		DAEF95481BE1D86A0024EF03 /* customeCameraAVUITests */ = {
			isa = PBXNativeTarget;
			buildConfigurationList = DAEF95581BE1D86A0024EF03 /* Build configuration list for PBXNativeTarget "customeCameraAVUITests" */;
			buildPhases = (
				DAEF95451BE1D86A0024EF03 /* Sources */,
				DAEF95461BE1D86A0024EF03 /* Frameworks */,
				DAEF95471BE1D86A0024EF03 /* Resources */,
			);
			buildRules = (
			);
			dependencies = (
				DAEF954B1BE1D86A0024EF03 /* PBXTargetDependency */,
			);
			name = customeCameraAVUITests;
			productName = customeCameraAVUITests;
			productReference = DAEF95491BE1D86A0024EF03 /* customeCameraAVUITests.xctest */;
			productType = "com.apple.product-type.bundle.ui-testing";
		};
/* End PBXNativeTarget section */

/* Begin PBXProject section */
		DAEF951D1BE1D86A0024EF03 /* Project object */ = {
			isa = PBXProject;
			attributes = {
				LastUpgradeCheck = 0710;
				ORGANIZATIONNAME = "Paul O'Neill";
				TargetAttributes = {
					DAEF95241BE1D86A0024EF03 = {
						CreatedOnToolsVersion = 7.1;
					};
					DAEF953D1BE1D86A0024EF03 = {
						CreatedOnToolsVersion = 7.1;
						TestTargetID = DAEF95241BE1D86A0024EF03;
					};
					DAEF95481BE1D86A0024EF03 = {
						CreatedOnToolsVersion = 7.1;
						TestTargetID = DAEF95241BE1D86A0024EF03;
					};
				};
			};
			buildConfigurationList = DAEF95201BE1D86A0024EF03 /* Build configuration list for PBXProject "customeCameraAV" */;
			compatibilityVersion = "Xcode 3.2";
			developmentRegion = English;
			hasScannedForEncodings = 0;
			knownRegions = (
				en,
				Base,
			);
			mainGroup = DAEF951C1BE1D86A0024EF03;
			productRefGroup = DAEF95261BE1D86A0024EF03 /* Products */;
			projectDirPath = "";
			projectRoot = "";
			targets = (
				DAEF95241BE1D86A0024EF03 /* customeCameraAV */,
				DAEF953D1BE1D86A0024EF03 /* customeCameraAVTests */,
				DAEF95481BE1D86A0024EF03 /* customeCameraAVUITests */,
			);
		};
/* End PBXProject section */

/* Begin PBXResourcesBuildPhase section */
		DAEF95231BE1D86A0024EF03 /* Resources */ = {
			isa = PBXResourcesBuildPhase;
			buildActionMask = 2147483647;
			files = (
				DA1AD4B41C0CDCA600DFFF62 /* IMG_0208.JPG in Resources */,
				DA0EE6011C0684B100C900C0 /* IMG_0180.JPG in Resources */,
				DAB367A81BEAA08300A118C9 /* Rectangle 3.png in Resources */,
				DA1AD4B61C0CDCA600DFFF62 /* IMG_0206.JPG in Resources */,
				DA0EE6031C0A5AC200C900C0 /* IMG_0203.JPG in Resources */,
				DAEF95381BE1D86A0024EF03 /* LaunchScreen.storyboard in Resources */,
				DA1AD4B71C0CDCA600DFFF62 /* IMG_0209.JPG in Resources */,
				DAEF95351BE1D86A0024EF03 /* Assets.xcassets in Resources */,
				DA9F6C141C0AA5F5003BA09A /* IMG_0204.JPG in Resources */,
				DAEF95331BE1D86A0024EF03 /* Main.storyboard in Resources */,
				DACF62911C161B6E0011A32C /* IMG_0406.JPG in Resources */,
				DA1AD4B51C0CDCA600DFFF62 /* IMG_0207.JPG in Resources */,
				DAE744761BEC31C800E30C56 /* icon-camera.png in Resources */,
			);
			runOnlyForDeploymentPostprocessing = 0;
		};
		DAEF953C1BE1D86A0024EF03 /* Resources */ = {
			isa = PBXResourcesBuildPhase;
			buildActionMask = 2147483647;
			files = (
			);
			runOnlyForDeploymentPostprocessing = 0;
		};
		DAEF95471BE1D86A0024EF03 /* Resources */ = {
			isa = PBXResourcesBuildPhase;
			buildActionMask = 2147483647;
			files = (
			);
			runOnlyForDeploymentPostprocessing = 0;
		};
/* End PBXResourcesBuildPhase section */

/* Begin PBXSourcesBuildPhase section */
		DAEF95211BE1D86A0024EF03 /* Sources */ = {
			isa = PBXSourcesBuildPhase;
			buildActionMask = 2147483647;
			files = (
				DAEF95301BE1D86A0024EF03 /* ViewController.m in Sources */,
				DAEF952D1BE1D86A0024EF03 /* AppDelegate.m in Sources */,
				DA1AD4BD1C0D6DC700DFFF62 /* PhotoImage.m in Sources */,
				DAEF952A1BE1D86A0024EF03 /* main.m in Sources */,
				DA1AD4BA1C0D64DB00DFFF62 /* Rectangle.m in Sources */,
			);
			runOnlyForDeploymentPostprocessing = 0;
		};
		DAEF953A1BE1D86A0024EF03 /* Sources */ = {
			isa = PBXSourcesBuildPhase;
			buildActionMask = 2147483647;
			files = (
				DAEF95431BE1D86A0024EF03 /* customeCameraAVTests.m in Sources */,
			);
			runOnlyForDeploymentPostprocessing = 0;
		};
		DAEF95451BE1D86A0024EF03 /* Sources */ = {
			isa = PBXSourcesBuildPhase;
			buildActionMask = 2147483647;
			files = (
				DAEF954E1BE1D86A0024EF03 /* customeCameraAVUITests.m in Sources */,
			);
			runOnlyForDeploymentPostprocessing = 0;
		};
/* End PBXSourcesBuildPhase section */

/* Begin PBXTargetDependency section */
		DAEF95401BE1D86A0024EF03 /* PBXTargetDependency */ = {
			isa = PBXTargetDependency;
			target = DAEF95241BE1D86A0024EF03 /* customeCameraAV */;
			targetProxy = DAEF953F1BE1D86A0024EF03 /* PBXContainerItemProxy */;
		};
		DAEF954B1BE1D86A0024EF03 /* PBXTargetDependency */ = {
			isa = PBXTargetDependency;
			target = DAEF95241BE1D86A0024EF03 /* customeCameraAV */;
			targetProxy = DAEF954A1BE1D86A0024EF03 /* PBXContainerItemProxy */;
		};
/* End PBXTargetDependency section */

/* Begin PBXVariantGroup section */
		DAEF95311BE1D86A0024EF03 /* Main.storyboard */ = {
			isa = PBXVariantGroup;
			children = (
				DAEF95321BE1D86A0024EF03 /* Base */,
			);
			name = Main.storyboard;
			sourceTree = "<group>";
		};
		DAEF95361BE1D86A0024EF03 /* LaunchScreen.storyboard */ = {
			isa = PBXVariantGroup;
			children = (
				DAEF95371BE1D86A0024EF03 /* Base */,
			);
			name = LaunchScreen.storyboard;
			sourceTree = "<group>";
		};
/* End PBXVariantGroup section */

/* Begin XCBuildConfiguration section */
		DAEF95501BE1D86A0024EF03 /* Debug */ = {
			isa = XCBuildConfiguration;
			buildSettings = {
				ALWAYS_SEARCH_USER_PATHS = NO;
				CLANG_CXX_LANGUAGE_STANDARD = "gnu++0x";
				CLANG_CXX_LIBRARY = "libc++";
				CLANG_ENABLE_MODULES = YES;
				CLANG_ENABLE_OBJC_ARC = YES;
				CLANG_WARN_BOOL_CONVERSION = YES;
				CLANG_WARN_CONSTANT_CONVERSION = YES;
				CLANG_WARN_DIRECT_OBJC_ISA_USAGE = YES_ERROR;
				CLANG_WARN_EMPTY_BODY = YES;
				CLANG_WARN_ENUM_CONVERSION = YES;
				CLANG_WARN_INT_CONVERSION = YES;
				CLANG_WARN_OBJC_ROOT_CLASS = YES_ERROR;
				CLANG_WARN_UNREACHABLE_CODE = YES;
				CLANG_WARN__DUPLICATE_METHOD_MATCH = YES;
				"CODE_SIGN_IDENTITY[sdk=iphoneos*]" = "iPhone Developer";
				COPY_PHASE_STRIP = NO;
				DEBUG_INFORMATION_FORMAT = dwarf;
				ENABLE_STRICT_OBJC_MSGSEND = YES;
				ENABLE_TESTABILITY = YES;
				GCC_C_LANGUAGE_STANDARD = gnu99;
				GCC_DYNAMIC_NO_PIC = NO;
				GCC_NO_COMMON_BLOCKS = YES;
				GCC_OPTIMIZATION_LEVEL = 0;
				GCC_PREPROCESSOR_DEFINITIONS = (
					"DEBUG=1",
					"$(inherited)",
				);
				GCC_WARN_64_TO_32_BIT_CONVERSION = YES;
				GCC_WARN_ABOUT_RETURN_TYPE = YES_ERROR;
				GCC_WARN_UNDECLARED_SELECTOR = YES;
				GCC_WARN_UNINITIALIZED_AUTOS = YES_AGGRESSIVE;
				GCC_WARN_UNUSED_FUNCTION = YES;
				GCC_WARN_UNUSED_VARIABLE = YES;
				IPHONEOS_DEPLOYMENT_TARGET = 9.1;
				MTL_ENABLE_DEBUG_INFO = YES;
				ONLY_ACTIVE_ARCH = YES;
				SDKROOT = iphoneos;
			};
			name = Debug;
		};
		DAEF95511BE1D86A0024EF03 /* Release */ = {
			isa = XCBuildConfiguration;
			buildSettings = {
				ALWAYS_SEARCH_USER_PATHS = NO;
				CLANG_CXX_LANGUAGE_STANDARD = "gnu++0x";
				CLANG_CXX_LIBRARY = "libc++";
				CLANG_ENABLE_MODULES = YES;
				CLANG_ENABLE_OBJC_ARC = YES;
				CLANG_WARN_BOOL_CONVERSION = YES;
				CLANG_WARN_CONSTANT_CONVERSION = YES;
				CLANG_WARN_DIRECT_OBJC_ISA_USAGE = YES_ERROR;
				CLANG_WARN_EMPTY_BODY = YES;
				CLANG_WARN_ENUM_CONVERSION = YES;
				CLANG_WARN_INT_CONVERSION = YES;
				CLANG_WARN_OBJC_ROOT_CLASS = YES_ERROR;
				CLANG_WARN_UNREACHABLE_CODE = YES;
				CLANG_WARN__DUPLICATE_METHOD_MATCH = YES;
				"CODE_SIGN_IDENTITY[sdk=iphoneos*]" = "iPhone Developer";
				COPY_PHASE_STRIP = NO;
				DEBUG_INFORMATION_FORMAT = "dwarf-with-dsym";
				ENABLE_NS_ASSERTIONS = NO;
				ENABLE_STRICT_OBJC_MSGSEND = YES;
				GCC_C_LANGUAGE_STANDARD = gnu99;
				GCC_NO_COMMON_BLOCKS = YES;
				GCC_WARN_64_TO_32_BIT_CONVERSION = YES;
				GCC_WARN_ABOUT_RETURN_TYPE = YES_ERROR;
				GCC_WARN_UNDECLARED_SELECTOR = YES;
				GCC_WARN_UNINITIALIZED_AUTOS = YES_AGGRESSIVE;
				GCC_WARN_UNUSED_FUNCTION = YES;
				GCC_WARN_UNUSED_VARIABLE = YES;
				IPHONEOS_DEPLOYMENT_TARGET = 9.1;
				MTL_ENABLE_DEBUG_INFO = NO;
				SDKROOT = iphoneos;
				VALIDATE_PRODUCT = YES;
			};
			name = Release;
		};
		DAEF95531BE1D86A0024EF03 /* Debug */ = {
			isa = XCBuildConfiguration;
			buildSettings = {
				ASSETCATALOG_COMPILER_APPICON_NAME = AppIcon;
				INFOPLIST_FILE = customeCameraAV/Info.plist;
				IPHONEOS_DEPLOYMENT_TARGET = 9.2;
				LD_RUNPATH_SEARCH_PATHS = "$(inherited) @executable_path/Frameworks";
				PRODUCT_BUNDLE_IDENTIFIER = com.paulgrid.camera.customeCameraAV;
				PRODUCT_NAME = "$(TARGET_NAME)";
			};
			name = Debug;
		};
		DAEF95541BE1D86A0024EF03 /* Release */ = {
			isa = XCBuildConfiguration;
			buildSettings = {
				ASSETCATALOG_COMPILER_APPICON_NAME = AppIcon;
				INFOPLIST_FILE = customeCameraAV/Info.plist;
				IPHONEOS_DEPLOYMENT_TARGET = 9.2;
				LD_RUNPATH_SEARCH_PATHS = "$(inherited) @executable_path/Frameworks";
				PRODUCT_BUNDLE_IDENTIFIER = com.paulgrid.camera.customeCameraAV;
				PRODUCT_NAME = "$(TARGET_NAME)";
			};
			name = Release;
		};
		DAEF95561BE1D86A0024EF03 /* Debug */ = {
			isa = XCBuildConfiguration;
			buildSettings = {
				BUNDLE_LOADER = "$(TEST_HOST)";
				INFOPLIST_FILE = customeCameraAVTests/Info.plist;
				LD_RUNPATH_SEARCH_PATHS = "$(inherited) @executable_path/Frameworks @loader_path/Frameworks";
				PRODUCT_BUNDLE_IDENTIFIER = com.paulgrid.camera.customeCameraAVTests;
				PRODUCT_NAME = "$(TARGET_NAME)";
				TEST_HOST = "$(BUILT_PRODUCTS_DIR)/customeCameraAV.app/customeCameraAV";
			};
			name = Debug;
		};
		DAEF95571BE1D86A0024EF03 /* Release */ = {
			isa = XCBuildConfiguration;
			buildSettings = {
				BUNDLE_LOADER = "$(TEST_HOST)";
				INFOPLIST_FILE = customeCameraAVTests/Info.plist;
				LD_RUNPATH_SEARCH_PATHS = "$(inherited) @executable_path/Frameworks @loader_path/Frameworks";
				PRODUCT_BUNDLE_IDENTIFIER = com.paulgrid.camera.customeCameraAVTests;
				PRODUCT_NAME = "$(TARGET_NAME)";
				TEST_HOST = "$(BUILT_PRODUCTS_DIR)/customeCameraAV.app/customeCameraAV";
			};
			name = Release;
		};
		DAEF95591BE1D86A0024EF03 /* Debug */ = {
			isa = XCBuildConfiguration;
			buildSettings = {
				INFOPLIST_FILE = customeCameraAVUITests/Info.plist;
				LD_RUNPATH_SEARCH_PATHS = "$(inherited) @executable_path/Frameworks @loader_path/Frameworks";
				PRODUCT_BUNDLE_IDENTIFIER = com.paulgrid.camera.customeCameraAVUITests;
				PRODUCT_NAME = "$(TARGET_NAME)";
				TEST_TARGET_NAME = customeCameraAV;
				USES_XCTRUNNER = YES;
			};
			name = Debug;
		};
		DAEF955A1BE1D86A0024EF03 /* Release */ = {
			isa = XCBuildConfiguration;
			buildSettings = {
				INFOPLIST_FILE = customeCameraAVUITests/Info.plist;
				LD_RUNPATH_SEARCH_PATHS = "$(inherited) @executable_path/Frameworks @loader_path/Frameworks";
				PRODUCT_BUNDLE_IDENTIFIER = com.paulgrid.camera.customeCameraAVUITests;
				PRODUCT_NAME = "$(TARGET_NAME)";
				TEST_TARGET_NAME = customeCameraAV;
				USES_XCTRUNNER = YES;
			};
			name = Release;
		};
/* End XCBuildConfiguration section */

/* Begin XCConfigurationList section */
		DAEF95201BE1D86A0024EF03 /* Build configuration list for PBXProject "customeCameraAV" */ = {
			isa = XCConfigurationList;
			buildConfigurations = (
				DAEF95501BE1D86A0024EF03 /* Debug */,
				DAEF95511BE1D86A0024EF03 /* Release */,
			);
			defaultConfigurationIsVisible = 0;
			defaultConfigurationName = Release;
		};
		DAEF95521BE1D86A0024EF03 /* Build configuration list for PBXNativeTarget "customeCameraAV" */ = {
			isa = XCConfigurationList;
			buildConfigurations = (
				DAEF95531BE1D86A0024EF03 /* Debug */,
				DAEF95541BE1D86A0024EF03 /* Release */,
			);
			defaultConfigurationIsVisible = 0;
			defaultConfigurationName = Release;
		};
		DAEF95551BE1D86A0024EF03 /* Build configuration list for PBXNativeTarget "customeCameraAVTests" */ = {
			isa = XCConfigurationList;
			buildConfigurations = (
				DAEF95561BE1D86A0024EF03 /* Debug */,
				DAEF95571BE1D86A0024EF03 /* Release */,
			);
			defaultConfigurationIsVisible = 0;
			defaultConfigurationName = Release;
		};
		DAEF95581BE1D86A0024EF03 /* Build configuration list for PBXNativeTarget "customeCameraAVUITests" */ = {
			isa = XCConfigurationList;
			buildConfigurations = (
				DAEF95591BE1D86A0024EF03 /* Debug */,
				DAEF955A1BE1D86A0024EF03 /* Release */,
			);
			defaultConfigurationIsVisible = 0;
			defaultConfigurationName = Release;
		};
/* End XCConfigurationList section */
	};
	rootObject = DAEF951D1BE1D86A0024EF03 /* Project object */;
}
